
Microsoft Visual Studio Solution File, Format Version 12.00
# Visual Studio Version 17
VisualStudioVersion = 17.10.35122.118
MinimumVisualStudioVersion = 10.0.40219.1
Project("{9A19103F-16F7-4668-BE54-9A1E7A4F7556}") = "BasketballShopServer", "BasketballShopServer\BasketballShopServer.csproj", "{361619D3-45C9-4BAF-A6D4-97C17200A40C}"
EndProject
Project("{9A19103F-16F7-4668-BE54-9A1E7A4F7556}") = "BasketballShopClient", "BasketballShopClient\BasketballShopClient.csproj", "{AED30F3A-B4A5-4B7D-B41A-EF739805CFE1}"
EndProject
Project("{9A19103F-16F7-4668-BE54-9A1E7A4F7556}") = "BasketballShopSharedLibrary", "BasketballShopSharedLibrary\BasketballShopSharedLibrary.csproj", "{CCF0683D-7A73-41EA-841E-42012C43A63D}"
EndProject
Global
	GlobalSection(SolutionConfigurationPlatforms) = preSolution
		Debug|Any CPU = Debug|Any CPU
		Release|Any CPU = Release|Any CPU
	EndGlobalSection
	GlobalSection(ProjectConfigurationPlatforms) = postSolution
		{361619D3-45C9-4BAF-A6D4-97C17200A40C}.Debug|Any CPU.ActiveCfg = Debug|Any CPU
		{361619D3-45C9-4BAF-A6D4-97C17200A40C}.Debug|Any CPU.Build.0 = Debug|Any CPU
		{361619D3-45C9-4BAF-A6D4-97C17200A40C}.Release|Any CPU.ActiveCfg = Release|Any CPU
		{361619D3-45C9-4BAF-A6D4-97C17200A40C}.Release|Any CPU.Build.0 = Release|Any CPU
		{AED30F3A-B4A5-4B7D-B41A-EF739805CFE1}.Debug|Any CPU.ActiveCfg = Debug|Any CPU
		{AED30F3A-B4A5-4B7D-B41A-EF739805CFE1}.Debug|Any CPU.Build.0 = Debug|Any CPU
		{AED30F3A-B4A5-4B7D-B41A-EF739805CFE1}.Release|Any CPU.ActiveCfg = Release|Any CPU
		{AED30F3A-B4A5-4B7D-B41A-EF739805CFE1}.Release|Any CPU.Build.0 = Release|Any CPU
		{CCF0683D-7A73-41EA-841E-42012C43A63D}.Debug|Any CPU.ActiveCfg = Debug|Any CPU
		{CCF0683D-7A73-41EA-841E-42012C43A63D}.Debug|Any CPU.Build.0 = Debug|Any CPU
		{CCF0683D-7A73-41EA-841E-42012C43A63D}.Release|Any CPU.ActiveCfg = Release|Any CPU
		{CCF0683D-7A73-41EA-841E-42012C43A63D}.Release|Any CPU.Build.0 = Release|Any CPU
	EndGlobalSection
	GlobalSection(SolutionProperties) = preSolution
		HideSolutionNode = FALSE
	EndGlobalSection
	GlobalSection(ExtensibilityGlobals) = postSolution
		SolutionGuid = {6766577B-8CBC-48C4-9814-EFF052487235}
	EndGlobalSection
EndGlobal
